
Microsoft Visual Studio Solution File, Format Version 12.00
# Visual Studio Version 16
VisualStudioVersion = 16.0.30320.27
MinimumVisualStudioVersion = 10.0.40219.1
Project("{9A19103F-16F7-4668-BE54-9A1E7A4F7556}") = "CatalogAPI", "Src\Catalog\CatalogAPI\CatalogAPI.csproj", "{1C8EE0FC-A777-481E-BA6D-1AD7DF066382}"
EndProject
Project("{E53339B2-1760-4266-BCC7-CA923CBCF16C}") = "docker-compose", "docker-compose.dcproj", "{53337A9C-B108-496F-8FA8-34924E404454}"
EndProject
Project("{FAE04EC0-301F-11D3-BF4B-00C04F79EFBC}") = "Basket.API", "Src\Basket\Basket.API\Basket.API.csproj", "{A595AE25-D781-4BD8-828A-6CD3B111C7C0}"
EndProject
Global
	GlobalSection(SolutionConfigurationPlatforms) = preSolution
		Debug|Any CPU = Debug|Any CPU
		Release|Any CPU = Release|Any CPU
	EndGlobalSection
	GlobalSection(ProjectConfigurationPlatforms) = postSolution
		{1C8EE0FC-A777-481E-BA6D-1AD7DF066382}.Debug|Any CPU.ActiveCfg = Debug|Any CPU
		{1C8EE0FC-A777-481E-BA6D-1AD7DF066382}.Debug|Any CPU.Build.0 = Debug|Any CPU
		{1C8EE0FC-A777-481E-BA6D-1AD7DF066382}.Release|Any CPU.ActiveCfg = Release|Any CPU
		{1C8EE0FC-A777-481E-BA6D-1AD7DF066382}.Release|Any CPU.Build.0 = Release|Any CPU
		{53337A9C-B108-496F-8FA8-34924E404454}.Debug|Any CPU.ActiveCfg = Debug|Any CPU
		{53337A9C-B108-496F-8FA8-34924E404454}.Debug|Any CPU.Build.0 = Debug|Any CPU
		{53337A9C-B108-496F-8FA8-34924E404454}.Release|Any CPU.ActiveCfg = Release|Any CPU
		{53337A9C-B108-496F-8FA8-34924E404454}.Release|Any CPU.Build.0 = Release|Any CPU
		{A595AE25-D781-4BD8-828A-6CD3B111C7C0}.Debug|Any CPU.ActiveCfg = Debug|Any CPU
		{A595AE25-D781-4BD8-828A-6CD3B111C7C0}.Debug|Any CPU.Build.0 = Debug|Any CPU
		{A595AE25-D781-4BD8-828A-6CD3B111C7C0}.Release|Any CPU.ActiveCfg = Release|Any CPU
		{A595AE25-D781-4BD8-828A-6CD3B111C7C0}.Release|Any CPU.Build.0 = Release|Any CPU
	EndGlobalSection
	GlobalSection(SolutionProperties) = preSolution
		HideSolutionNode = FALSE
	EndGlobalSection
	GlobalSection(ExtensibilityGlobals) = postSolution
		SolutionGuid = {DBEF7B5E-441B-4064-BBAE-A8109D1AAB3F}
	EndGlobalSection
EndGlobal
